
Microsoft Visual Studio Solution File, Format Version 12.00
# Visual Studio Version 16
VisualStudioVersion = 16.0.31729.503
MinimumVisualStudioVersion = 10.0.40219.1
Project("{FAE04EC0-301F-11D3-BF4B-00C04F79EFBC}") = "StationaryShop", "StationaryShop\StationaryShop.csproj", "{377CF2D3-3EEA-449B-B108-7257E76DE19E}"
EndProject
Global
	GlobalSection(SolutionConfigurationPlatforms) = preSolution
		Debug|Any CPU = Debug|Any CPU
		Release|Any CPU = Release|Any CPU
	EndGlobalSection
	GlobalSection(ProjectConfigurationPlatforms) = postSolution
		{377CF2D3-3EEA-449B-B108-7257E76DE19E}.Debug|Any CPU.ActiveCfg = Debug|Any CPU
		{377CF2D3-3EEA-449B-B108-7257E76DE19E}.Debug|Any CPU.Build.0 = Debug|Any CPU
		{377CF2D3-3EEA-449B-B108-7257E76DE19E}.Release|Any CPU.ActiveCfg = Release|Any CPU
		{377CF2D3-3EEA-449B-B108-7257E76DE19E}.Release|Any CPU.Build.0 = Release|Any CPU
	EndGlobalSection
	GlobalSection(SolutionProperties) = preSolution
		HideSolutionNode = FALSE
	EndGlobalSection
	GlobalSection(ExtensibilityGlobals) = postSolution
		SolutionGuid = {33F27E9C-5709-4167-852A-76673FE01EDB}
	EndGlobalSection
EndGlobal
